
Microsoft Visual Studio Solution File, Format Version 12.00
Project("{FAE04EC0-301F-11D3-BF4B-00C04F79EFBC}") = "someCatSite", "someCatSite\someCatSite.csproj", "{1F35D6B2-428C-49F8-8B47-CE180330CF1F}"
EndProject
Global
	GlobalSection(SolutionConfigurationPlatforms) = preSolution
		Debug|Any CPU = Debug|Any CPU
		Release|Any CPU = Release|Any CPU
	EndGlobalSection
	GlobalSection(ProjectConfigurationPlatforms) = postSolution
		{1F35D6B2-428C-49F8-8B47-CE180330CF1F}.Debug|Any CPU.ActiveCfg = Debug|Any CPU
		{1F35D6B2-428C-49F8-8B47-CE180330CF1F}.Debug|Any CPU.Build.0 = Debug|Any CPU
		{1F35D6B2-428C-49F8-8B47-CE180330CF1F}.Release|Any CPU.ActiveCfg = Release|Any CPU
		{1F35D6B2-428C-49F8-8B47-CE180330CF1F}.Release|Any CPU.Build.0 = Release|Any CPU
	EndGlobalSection
EndGlobal
